<?xml version="1.0" encoding="utf-8"?>
<Project ToolsVersion="4.0" xmlns="http://schemas.microsoft.com/developer/msbuild/2003">
  <ItemGroup>
    <Filter Include="Source Files">
      <UniqueIdentifier>{4FC737F1-C7A5-4376-A066-2A32D752A2FF}</UniqueIdentifier>
      <Extensions>cpp;c;cc;cxx;def;odl;idl;hpj;bat;asm;asmx</Extensions>
    </Filter>
    <Filter Include="Header Files">
      <UniqueIdentifier>{93995380-89BD-4b04-88EB-625FBE52EBFB}</UniqueIdentifier>
      <Extensions>h;hh;hpp;hxx;hm;inl;inc;ipp;xsd</Extensions>
    </Filter>
    <Filter Include="Resource Files">
      <UniqueIdentifier>{67DA6AB6-F800-4c08-8B7A-83BB121AAD01}</UniqueIdentifier>
      <Extensions>rc;ico;cur;bmp;dlg;rc2;rct;bin;rgs;gif;jpg;jpeg;jpe;resx;tiff;tif;png;wav;mfcribbon-ms</Extensions>
    </Filter>
    <Filter Include="Header Files\stateMachine">
      <UniqueIdentifier>{5d582b9d-0212-4f5b-9906-c821dfd87aaf}</UniqueIdentifier>
    </Filter>
    <Filter Include="Header Files\commandPattern">
      <UniqueIdentifier>{e3baaa9f-2e47-4a31-837e-7c9bf0c11b0a}</UniqueIdentifier>
    </Filter>
    <Filter Include="Source Files\stateMachine">
      <UniqueIdentifier>{8008420a-6e33-4292-a592-eb6cd7672eb2}</UniqueIdentifier>
    </Filter>
    <Filter Include="Header Files\ActiveObject">
      <UniqueIdentifier>{d0aa8ca5-79ba-4dd0-8ef4-60f2cee5e57f}</UniqueIdentifier>
    </Filter>
    <Filter Include="Source Files\ActiveObject">
      <UniqueIdentifier>{b7baf198-f13e-4990-b579-61e7ba7f36b7}</UniqueIdentifier>
    </Filter>
  </ItemGroup>
  <ItemGroup>
    <ClCompile Include="assignment4.cpp">
      <Filter>Source Files</Filter>
    </ClCompile>
    <ClCompile Include="ConcreteStates.cpp">
      <Filter>Source Files\stateMachine</Filter>
    </ClCompile>
    <ClCompile Include="State.cpp">
      <Filter>Source Files\stateMachine</Filter>
    </ClCompile>
    <ClCompile Include="EmbeddedSystemX.cpp">
      <Filter>Source Files\stateMachine</Filter>
    </ClCompile>
    <ClCompile Include="Operational.cpp">
      <Filter>Source Files\stateMachine</Filter>
    </ClCompile>
    <ClCompile Include="RealTimeLoop.cpp">
      <Filter>Source Files\stateMachine</Filter>
    </ClCompile>
    <ClCompile Include="SimCount.cpp">
      <Filter>Source Files\ActiveObject</Filter>
    </ClCompile>
    <ClCompile Include="SRTctx.cpp">
      <Filter>Source Files\stateMachine</Filter>
    </ClCompile>
    <ClCompile Include="AMSctx.cpp">
      <Filter>Source Files\stateMachine</Filter>
    </ClCompile>
    <ClCompile Include="SRTState.cpp">
      <Filter>Source Files\stateMachine</Filter>
    </ClCompile>
    <ClCompile Include="AMSState.cpp">
      <Filter>Source Files\stateMachine</Filter>
    </ClCompile>
  </ItemGroup>
  <ItemGroup>
    <ClInclude Include="ConcreteStates.h">
      <Filter>Header Files\stateMachine</Filter>
    </ClInclude>
    <ClInclude Include="EmbeddedSystemX.h">
      <Filter>Header Files\stateMachine</Filter>
    </ClInclude>
    <ClInclude Include="State.h">
      <Filter>Header Files\stateMachine</Filter>
    </ClInclude>
    <ClInclude Include="handleCommands.h">
      <Filter>Header Files\commandPattern</Filter>
    </ClInclude>
    <ClInclude Include="ICommands.h">
      <Filter>Header Files\commandPattern</Filter>
    </ClInclude>
    <ClInclude Include="Invoker.h">
      <Filter>Header Files\commandPattern</Filter>
    </ClInclude>
    <ClInclude Include="StmTest.h">
      <Filter>Header Files\stateMachine</Filter>
    </ClInclude>
    <ClInclude Include="Operational.h">
      <Filter>Header Files\stateMachine</Filter>
    </ClInclude>
    <ClInclude Include="RealTimeLoop.h">
      <Filter>Header Files\stateMachine</Filter>
    </ClInclude>
    <ClInclude Include="SimulateProxy.h">
      <Filter>Header Files\ActiveObject</Filter>
    </ClInclude>
    <ClInclude Include="SimulateScheduler.h">
      <Filter>Header Files\ActiveObject</Filter>
    </ClInclude>
    <ClInclude Include="SimulateServant.h">
      <Filter>Header Files\ActiveObject</Filter>
    </ClInclude>
    <ClInclude Include="SimCount.h">
      <Filter>Header Files\ActiveObject</Filter>
    </ClInclude>
    <ClInclude Include="MethodRequest.h">
      <Filter>Header Files\ActiveObject</Filter>
    </ClInclude>
    <ClInclude Include="AMSctx.h">
      <Filter>Header Files\stateMachine</Filter>
    </ClInclude>
    <ClInclude Include="SRTctx.h">
      <Filter>Header Files\stateMachine</Filter>
    </ClInclude>
    <ClInclude Include="SRTState.h">
      <Filter>Header Files\stateMachine</Filter>
    </ClInclude>
    <ClInclude Include="AMSState.h">
      <Filter>Header Files\stateMachine</Filter>
    </ClInclude>
  </ItemGroup>
</Project>